
Microsoft Visual Studio Solution File, Format Version 12.00
# Visual Studio Version 16
VisualStudioVersion = 16.0.30517.126
MinimumVisualStudioVersion = 10.0.40219.1
Project("{FAE04EC0-301F-11D3-BF4B-00C04F79EFBC}") = "CapaDatos", "CapaDatos\CapaDatos.csproj", "{516ECE51-A97B-478B-BF9A-F1A81094790F}"
EndProject
Project("{FAE04EC0-301F-11D3-BF4B-00C04F79EFBC}") = "CapaNegocio", "CapaNegocio\CapaNegocio.csproj", "{FCF48CEC-C676-402D-81ED-BC558B6BFEFF}"
EndProject
Project("{FAE04EC0-301F-11D3-BF4B-00C04F79EFBC}") = "CapaPresentacion", "CapaPresentacion\CapaPresentacion.csproj", "{EBF594AD-E93F-4AD0-88BB-3A8EDB109D58}"
EndProject
Global
	GlobalSection(SolutionConfigurationPlatforms) = preSolution
		Debug|Any CPU = Debug|Any CPU
		Release|Any CPU = Release|Any CPU
	EndGlobalSection
	GlobalSection(ProjectConfigurationPlatforms) = postSolution
		{516ECE51-A97B-478B-BF9A-F1A81094790F}.Debug|Any CPU.ActiveCfg = Debug|Any CPU
		{516ECE51-A97B-478B-BF9A-F1A81094790F}.Debug|Any CPU.Build.0 = Debug|Any CPU
		{516ECE51-A97B-478B-BF9A-F1A81094790F}.Release|Any CPU.ActiveCfg = Release|Any CPU
		{516ECE51-A97B-478B-BF9A-F1A81094790F}.Release|Any CPU.Build.0 = Release|Any CPU
		{FCF48CEC-C676-402D-81ED-BC558B6BFEFF}.Debug|Any CPU.ActiveCfg = Debug|Any CPU
		{FCF48CEC-C676-402D-81ED-BC558B6BFEFF}.Debug|Any CPU.Build.0 = Debug|Any CPU
		{FCF48CEC-C676-402D-81ED-BC558B6BFEFF}.Release|Any CPU.ActiveCfg = Release|Any CPU
		{FCF48CEC-C676-402D-81ED-BC558B6BFEFF}.Release|Any CPU.Build.0 = Release|Any CPU
		{EBF594AD-E93F-4AD0-88BB-3A8EDB109D58}.Debug|Any CPU.ActiveCfg = Debug|Any CPU
		{EBF594AD-E93F-4AD0-88BB-3A8EDB109D58}.Debug|Any CPU.Build.0 = Debug|Any CPU
		{EBF594AD-E93F-4AD0-88BB-3A8EDB109D58}.Release|Any CPU.ActiveCfg = Release|Any CPU
		{EBF594AD-E93F-4AD0-88BB-3A8EDB109D58}.Release|Any CPU.Build.0 = Release|Any CPU
	EndGlobalSection
	GlobalSection(SolutionProperties) = preSolution
		HideSolutionNode = FALSE
	EndGlobalSection
	GlobalSection(ExtensibilityGlobals) = postSolution
		SolutionGuid = {ABCB460B-B979-4C9E-A054-69A751021DCA}
	EndGlobalSection
EndGlobal
